<?xml version="1.0" encoding="utf-8"?>
<Project ToolsVersion="4.0" xmlns="http://schemas.microsoft.com/developer/msbuild/2003">
  <ItemGroup>
    <Filter Include="Source Files">
      <UniqueIdentifier>{4FC737F1-C7A5-4376-A066-2A32D752A2FF}</UniqueIdentifier>
      <Extensions>cpp;c;cc;cxx;c++;ixx;def;odl;idl;hpj;bat;asm;asmx</Extensions>
    </Filter>
    <Filter Include="Header Files">
      <UniqueIdentifier>{93995380-89BD-4B04-88EB-625FBE52EBFB}</UniqueIdentifier>
      <Extensions>h;hh;hpp;hxx;hm;inl;inc;ipp;xsd</Extensions>
    </Filter>
    <Filter Include="Documents">
      <UniqueIdentifier>{B31A6E7A-15D0-42BE-B4A2-9FBF495B7E23}</UniqueIdentifier>
    </Filter>
  </ItemGroup>
  <ItemGroup>
    <ClCompile Include="main.cpp">
      <Filter>Source Files</Filter>
    </ClCompile>
    <ClCompile Include="phases\Phase01ParseSerialize.cpp">
      <Filter>Source Files</Filter>
    </ClCompile>
    <ClCompile Include="phases\Phase02ReadJsonTypes.cpp">
      <Filter>Source Files</Filter>
    </ClCompile>
    <ClCompile Include="phases\Phase03BuildJsonProgrammatically.cpp">
      <Filter>Source Files</Filter>
    </ClCompile>
  </ItemGroup>
  <ItemGroup>
    <ClInclude Include="phases\Phase01ParseSerialize.h">
      <Filter>Header Files</Filter>
    </ClInclude>
    <ClInclude Include="phases\Phase02ReadJsonTypes.h">
      <Filter>Header Files</Filter>
    </ClInclude>
    <ClInclude Include="phases\Phase03BuildJsonProgrammatically.h">
      <Filter>Header Files</Filter>
    </ClInclude>
  </ItemGroup>
  <ItemGroup>
    <None Include="README.md">
      <Filter>Documents</Filter>
    </None>
    <None Include="AIReport\README.md">
      <Filter>Documents</Filter>
    </None>
    <None Include="AIReport\Next-Steps.md">
      <Filter>Documents</Filter>
    </None>
    <None Include="AIReport\Phase-01-Parse-And-Serialize.md">
      <Filter>Documents</Filter>
    </None>
    <None Include="AIReport\Phase-02-Read-Json-Types.md">
      <Filter>Documents</Filter>
    </None>
    <None Include="AIReport\Phase-03-Build-Json-Programmatically.md">
      <Filter>Documents</Filter>
    </None>
  </ItemGroup>
</Project>
